<?xml version="1.0" encoding="utf-8"?>
<Project ToolsVersion="4.0" xmlns="http://schemas.microsoft.com/developer/msbuild/2003">
  <ItemGroup>
    <Filter Include="Source Files">
      <UniqueIdentifier>{4FC737F1-C7A5-4376-A066-2A32D752A2FF}</UniqueIdentifier>
      <Extensions>cpp;c;cc;cxx;c++;cppm;ixx;def;odl;idl;hpj;bat;asm;asmx</Extensions>
    </Filter>
    <Filter Include="Header Files">
      <UniqueIdentifier>{93995380-89BD-4b04-88EB-625FBE52EBFB}</UniqueIdentifier>
      <Extensions>h;hh;hpp;hxx;h++;hm;inl;inc;ipp;xsd</Extensions>
    </Filter>
    <Filter Include="Resource Files">
      <UniqueIdentifier>{67DA6AB6-F800-4c08-8B7A-83BB121AAD01}</UniqueIdentifier>
      <Extensions>rc;ico;cur;bmp;dlg;rc2;rct;bin;rgs;gif;jpg;jpeg;jpe;resx;tiff;tif;png;wav;mfcribbon-ms</Extensions>
    </Filter>
  </ItemGroup>
  <ItemGroup>
    <ClInclude Include="framework.h">
      <Filter>Header Files</Filter>
    </ClInclude>
    <ClInclude Include="pch.h">
      <Filter>Header Files</Filter>
    </ClInclude>
    <ClInclude Include="include\MinHook.h">
      <Filter>Header Files</Filter>
    </ClInclude>
    <ClInclude Include="include\lauxlib.h">
      <Filter>Header Files</Filter>
    </ClInclude>
    <ClInclude Include="include\log.h">
      <Filter>Header Files</Filter>
    </ClInclude>
    <ClInclude Include="include\lua.h">
      <Filter>Header Files</Filter>
    </ClInclude>
    <ClInclude Include="include\luaconf.h">
      <Filter>Header Files</Filter>
    </ClInclude>
    <ClInclude Include="include\lualib.h">
      <Filter>Header Files</Filter>
    </ClInclude>
    <ClInclude Include="include\FoxHashes.h">
      <Filter>Header Files</Filter>
    </ClInclude>
    <ClInclude Include="functions\HookUtils.h">
      <Filter>Header Files</Filter>
    </ClInclude>
    <ClInclude Include="functions\UiTextureOverrides.h">
      <Filter>Header Files</Filter>
    </ClInclude>
    <ClInclude Include="functions\CautionStepNormalTimerHook.h">
      <Filter>Header Files</Filter>
    </ClInclude>
    <ClInclude Include="functions\PlayerVoiceFpkHook.h">
      <Filter>Header Files</Filter>
    </ClInclude>
    <ClInclude Include="functions\FeatureModule.h">
      <Filter>Header Files</Filter>
    </ClInclude>
    <ClInclude Include="functions\BuiltInModules.h">
      <Filter>Header Files</Filter>
    </ClInclude>
    <ClInclude Include="functions\EnterDownHoldupForceVoiceHook.h">
      <Filter>Header Files</Filter>
    </ClInclude>
    <ClInclude Include="functions\VIPSleepFaintHook.h">
      <Filter>Header Files</Filter>
    </ClInclude>
    <ClInclude Include="functions\VIPHoldupHook.h">
      <Filter>Header Files</Filter>
    </ClInclude>
    <ClInclude Include="functions\VIPRadioHook.h">
      <Filter>Header Files</Filter>
    </ClInclude>
    <ClInclude Include="functions\MissionCodeGuard.h">
      <Filter>Header Files</Filter>
    </ClInclude>
    <ClInclude Include="functions\State_EnterStandHoldup1.h">
      <Filter>Header Files</Filter>
    </ClInclude>
    <ClInclude Include="functions\GetVoiceParamWithCallSign.h">
      <Filter>Header Files</Filter>
    </ClInclude>
    <ClInclude Include="functions\LostHostageHook.h">
      <Filter>Header Files</Filter>
    </ClInclude>
    <ClInclude Include="functions\StepRadioDiscovery.h">
      <Filter>Header Files</Filter>
    </ClInclude>
    <ClInclude Include="functions\tpp\gm\soldier\impl\ActionCoreImpl\ActionCoreImpl_UpdateOptCamo.h">
      <Filter>Header Files</Filter>
    </ClInclude>
    <ClInclude Include="functions\tpp\ui\menu\impl\MbDvcCassetteTapeCallbackImpl\MbDvcCassetteTapeCallbackImpl_PlayOrPauseSelectedTrack.h">
      <Filter>Header Files</Filter>
    </ClInclude>
    <ClInclude Include="functions\tpp\sd\impl\BeginSoundSystem\SoundSystemImpl_BeginSoundSystem.h">
      <Filter>Header Files</Filter>
    </ClInclude>
    <ClInclude Include="functions\tpp\ui\menu\impl\MbDvcCassetteTapeCallbackImpl\MbDvcCassetteTapeCallbackImpl_Start.h">
      <Filter>Header Files</Filter>
    </ClInclude>
    <ClInclude Include="functions\tpp\sd\SoundMusicPlayer\SoundMusicPlayer_GetTrackInfoByName.h">
      <Filter>Header Files</Filter>
    </ClInclude>
    <ClInclude Include="functions\tpp\sd\SoundMusicPlayer\GetTapeTrackDirectPlayId.h">
      <Filter>Header Files</Filter>
    </ClInclude>
    <ClInclude Include="functions\tpp\sd\SoundMusicPlayer\SoundMusicPlayer_SetupMusicInfos.h">
      <Filter>Header Files</Filter>
    </ClInclude>
    <ClInclude Include="functions\tpp\sd\SoundMusicPlayer\CustomTapeOwnership.h">
      <Filter>Header Files</Filter>
    </ClInclude>
    <ClInclude Include="functions\tpp\ui\menu\impl\MbDvcCassetteTapeCallbackImpl\MbDvcCassetteTapeCallbackImpl_SetCurrentAlbum.h">
      <Filter>Header Files</Filter>
    </ClInclude>
    <ClInclude Include="functions\tpp\gm\pickable\TppPickableRuntime.h">
      <Filter>Header Files</Filter>
    </ClInclude>
    <ClInclude Include="functions\AddressSet.h">
      <Filter>Header Files</Filter>
    </ClInclude>
    <ClInclude Include="functions\tpp\gm\impl\equip\`anonymous_namespace%27\RegisterConstantEquipId.h">
      <Filter>Header Files</Filter>
    </ClInclude>
    <ClInclude Include="functions\tpp\gm\impl\equip\`anonymous_namespace%27\DeclareWPs.h">
      <Filter>Header Files</Filter>
    </ClInclude>
    <ClInclude Include="functions\tpp\gm\impl\equip\`anonymous_namespace%27\EquipParameters_GunBasic.h">
      <Filter>Header Files</Filter>
    </ClInclude>
    <ClInclude Include="functions\tpp\gm\impl\equip\`anonymous_namespace%27\EquipIdTable_AddToEquipIdTable.h">
      <Filter>Header Files</Filter>
    </ClInclude>
    <ClInclude Include="functions\tpp\gm\impl\equip\`anonymous_namespace%27\EquipDevelop_AddToEquipDevelopTable.h">
      <Filter>Header Files</Filter>
    </ClInclude>
    <ClInclude Include="functions\tpp\gm\impl\equip\`anonymous_namespace%27\EquipMotionData.h">
      <Filter>Header Files</Filter>
    </ClInclude>
    <ClInclude Include="functions\tpp\gm\impl\equip\`anonymous_namespace%27\DeclareSWPs.h">
      <Filter>Header Files</Filter>
    </ClInclude>
    <ClInclude Include="functions\tpp\gm\impl\equip\`anonymous_namespace%27\SetSupportWeaponTypeId.h">
      <Filter>Header Files</Filter>
    </ClInclude>
    <ClInclude Include="functions\tpp\gm\impl\equip\CustomEquipIdState.h">
      <Filter>Header Files</Filter>
    </ClInclude>
    <ClInclude Include="functions\tpp\gm\impl\equip\`anonymous_namespace%27\DeclareRCs.h">
      <Filter>Header Files</Filter>
    </ClInclude>
    <ClInclude Include="functions\tpp\gm\impl\equip\`anonymous_namespace%27\EquipParameters_ReceiverParameter2.h">
      <Filter>Header Files</Filter>
    </ClInclude>
  </ItemGroup>
  <ItemGroup>
    <ClCompile Include="dllmain.cpp">
      <Filter>Source Files</Filter>
    </ClCompile>
    <ClCompile Include="pch.cpp">
      <Filter>Source Files</Filter>
    </ClCompile>
    <ClCompile Include="functions\State_StandHoldupCancelLookToPlayer.cpp">
      <Filter>Source Files</Filter>
    </ClCompile>
    <ClCompile Include="include\log.cpp">
      <Filter>Source Files</Filter>
    </ClCompile>
    <ClCompile Include="SetLuaFunctions.cpp">
      <Filter>Source Files</Filter>
    </ClCompile>
    <ClCompile Include="include\FoxHashes.cpp">
      <Filter>Source Files</Filter>
    </ClCompile>
    <ClCompile Include="functions\UiTextureOverrides.cpp">
      <Filter>Source Files</Filter>
    </ClCompile>
    <ClCompile Include="functions\CautionStepNormalTimerHook.cpp">
      <Filter>Source Files</Filter>
    </ClCompile>
    <ClCompile Include="functions\PlayerVoiceFpkHook.cpp">
      <Filter>Source Files</Filter>
    </ClCompile>
    <ClCompile Include="functions\FeatureModule.cpp">
      <Filter>Source Files</Filter>
    </ClCompile>
    <ClCompile Include="functions\BuiltInModules.cpp">
      <Filter>Source Files</Filter>
    </ClCompile>
    <ClCompile Include="functions\EnterDownHoldupForceVoiceHook.cpp">
      <Filter>Source Files</Filter>
    </ClCompile>
    <ClCompile Include="functions\VIPSleepFaintHook.cpp">
      <Filter>Source Files</Filter>
    </ClCompile>
    <ClCompile Include="functions\VIPHoldupHook.cpp">
      <Filter>Source Files</Filter>
    </ClCompile>
    <ClCompile Include="functions\VIPRadioHook.cpp">
      <Filter>Source Files</Filter>
    </ClCompile>
    <ClCompile Include="functions\MissionCodeGuard.cpp">
      <Filter>Source Files</Filter>
    </ClCompile>
    <ClCompile Include="functions\State_EnterStandHoldup1.cpp">
      <Filter>Source Files</Filter>
    </ClCompile>
    <ClCompile Include="functions\GetVoiceParamWithCallSign.cpp">
      <Filter>Source Files</Filter>
    </ClCompile>
    <ClCompile Include="functions\LostHostageHook.cpp">
      <Filter>Source Files</Filter>
    </ClCompile>
    <ClCompile Include="functions\StepRadioDiscovery.cpp">
      <Filter>Source Files</Filter>
    </ClCompile>
    <ClCompile Include="functions\tpp\gm\soldier\impl\ActionCoreImpl\ActionCoreImpl_UpdateOptCamo.cpp">
      <Filter>Source Files</Filter>
    </ClCompile>
    <ClCompile Include="functions\tpp\ui\menu\impl\MbDvcCassetteTapeCallbackImpl\MbDvcCassetteTapeCallbackImpl_PlayOrPauseSelectedTrack.cpp">
      <Filter>Source Files</Filter>
    </ClCompile>
    <ClCompile Include="functions\tpp\sd\impl\BeginSoundSystem\SoundSystemImpl_BeginSoundSystem.cpp">
      <Filter>Source Files</Filter>
    </ClCompile>
    <ClCompile Include="functions\tpp\ui\menu\impl\MbDvcCassetteTapeCallbackImpl\MbDvcCassetteTapeCallbackImpl_Start.cpp">
      <Filter>Source Files</Filter>
    </ClCompile>
    <ClCompile Include="functions\tpp\sd\SoundMusicPlayer\SoundMusicPlayer_GetTrackInfoByName.cpp">
      <Filter>Source Files</Filter>
    </ClCompile>
    <ClCompile Include="functions\tpp\sd\SoundMusicPlayer\GetTapeTrackDirectPlayId.cpp">
      <Filter>Source Files</Filter>
    </ClCompile>
    <ClCompile Include="functions\tpp\sd\SoundMusicPlayer\SoundMusicPlayer_SetupMusicInfos.cpp">
      <Filter>Source Files</Filter>
    </ClCompile>
    <ClCompile Include="functions\tpp\sd\SoundMusicPlayer\CustomTapeOwnership.cpp">
      <Filter>Source Files</Filter>
    </ClCompile>
    <ClCompile Include="functions\tpp\ui\menu\impl\MbDvcCassetteTapeCallbackImpl\MbDvcCassetteTapeCallbackImpl_SetCurrentAlbum.cpp">
      <Filter>Source Files</Filter>
    </ClCompile>
    <ClCompile Include="functions\tpp\gm\pickable\TppPickableRuntime.cpp">
      <Filter>Source Files</Filter>
    </ClCompile>
    <ClCompile Include="functions\tpp\gm\impl\equip\`anonymous_namespace%27\RegisterConstantEquipId.cpp">
      <Filter>Source Files</Filter>
    </ClCompile>
    <ClCompile Include="functions\tpp\gm\impl\equip\`anonymous_namespace%27\DeclareWPs.cpp">
      <Filter>Source Files</Filter>
    </ClCompile>
    <ClCompile Include="functions\tpp\gm\impl\equip\`anonymous_namespace%27\EquipParameters_GunBasic.cpp">
      <Filter>Source Files</Filter>
    </ClCompile>
    <ClCompile Include="functions\tpp\gm\impl\equip\`anonymous_namespace%27\EquipIdTable_AddToEquipIdTable.cpp">
      <Filter>Source Files</Filter>
    </ClCompile>
    <ClCompile Include="functions\tpp\gm\impl\equip\`anonymous_namespace%27\EquipDevelop_AddToEquipDevelopTable.cpp">
      <Filter>Source Files</Filter>
    </ClCompile>
    <ClCompile Include="functions\tpp\gm\impl\equip\`anonymous_namespace%27\EquipMotionData.cpp">
      <Filter>Source Files</Filter>
    </ClCompile>
    <ClCompile Include="functions\tpp\gm\impl\equip\`anonymous_namespace%27\DeclareSWPs.cpp">
      <Filter>Source Files</Filter>
    </ClCompile>
    <ClCompile Include="functions\tpp\gm\impl\equip\`anonymous_namespace%27\SetSupportWeaponTypeId.cpp">
      <Filter>Source Files</Filter>
    </ClCompile>
    <ClCompile Include="functions\tpp\gm\impl\equip\CustomEquipIdState.cpp">
      <Filter>Source Files</Filter>
    </ClCompile>
    <ClCompile Include="functions\tpp\gm\impl\equip\`anonymous_namespace%27\DeclareRCs.cpp">
      <Filter>Source Files</Filter>
    </ClCompile>
    <ClCompile Include="functions\tpp\gm\impl\equip\`anonymous_namespace%27\EquipParameters_ReceiverParameter2.cpp">
      <Filter>Source Files</Filter>
    </ClCompile>
  </ItemGroup>
  <ItemGroup>
    <Library Include="lib\libMinHook.x64.lib" />
    <Library Include="lib\libMinHook.x86.lib" />
  </ItemGroup>
</Project>