<?xml version="1.0" encoding="utf-8"?>
<Project ToolsVersion="4.0" xmlns="http://schemas.microsoft.com/developer/msbuild/2003">
  <ItemGroup>
    <Filter Include="Core">
      <UniqueIdentifier>{4FC737F1-C7A5-4376-A066-2A32D752A2FF}</UniqueIdentifier>
    </Filter>
    <Filter Include="Lua">
      <UniqueIdentifier>{A1B2C3D4-1111-2222-3333-444455556666}</UniqueIdentifier>
    </Filter>
    <Filter Include="ThirdParty">
      <UniqueIdentifier>{93995380-89BD-4b04-88EB-625FBE52EBFB}</UniqueIdentifier>
    </Filter>
  </ItemGroup>
  <ItemGroup>
    <!-- Core headers -->
    <ClInclude Include="src\core\framework.h">
      <Filter>Core</Filter>
    </ClInclude>
    <ClInclude Include="src\core\pch.h">
      <Filter>Core</Filter>
    </ClInclude>
    <ClInclude Include="src\core\AddressSet.h">
      <Filter>Core</Filter>
    </ClInclude>
    <ClInclude Include="src\core\HookUtils.h">
      <Filter>Core</Filter>
    </ClInclude>
    <ClInclude Include="src\core\FeatureModule.h">
      <Filter>Core</Filter>
    </ClInclude>
    <ClInclude Include="src\core\BuiltInModules.h">
      <Filter>Core</Filter>
    </ClInclude>
    <ClInclude Include="src\core\MissionCodeGuard.h">
      <Filter>Core</Filter>
    </ClInclude>
    <ClInclude Include="src\core\FoxHashes.h">
      <Filter>Core</Filter>
    </ClInclude>
    <ClInclude Include="src\core\LuaBroadcaster.h">
      <Filter>Core</Filter>
    </ClInclude>
    <ClInclude Include="src\core\log.h">
      <Filter>Core</Filter>
    </ClInclude>
    <!-- Third-party headers -->
    <ClInclude Include="include\lauxlib.h">
      <Filter>ThirdParty</Filter>
    </ClInclude>
    <ClInclude Include="include\lua.h">
      <Filter>ThirdParty</Filter>
    </ClInclude>
    <ClInclude Include="include\luaconf.h">
      <Filter>ThirdParty</Filter>
    </ClInclude>
    <ClInclude Include="include\lualib.h">
      <Filter>ThirdParty</Filter>
    </ClInclude>
    <ClInclude Include="include\MinHook.h">
      <Filter>ThirdParty</Filter>
    </ClInclude>
    <!-- Soldier headers -->
    <!-- Player headers -->
    <!-- Sound headers -->
    <!-- UI headers -->
    <!-- Pickable headers -->
    <ClInclude Include="src\hooks\soldier\CautionStepNormalTimerHook.h" />
    <ClInclude Include="src\hooks\soldier\EnterDownHoldupForceVoiceHook.h" />
    <ClInclude Include="src\hooks\soldier\GetVoiceParamWithCallSign.h" />
    <ClInclude Include="src\hooks\soldier\LostHostageHook.h" />
    <ClInclude Include="src\hooks\soldier\NoticeControllerImpl_GetOccasionalChat.h" />
    <ClInclude Include="src\hooks\soldier\StepRadioDiscovery.h" />
    <ClInclude Include="src\hooks\soldier\State_EnterStandHoldup1.h" />
    <ClInclude Include="src\hooks\soldier\VIPHoldupHook.h" />
    <ClInclude Include="src\hooks\soldier\VIPRadioHook.h" />
    <ClInclude Include="src\hooks\soldier\VIPSleepFaintHook.h" />
    <ClInclude Include="src\hooks\soldier\VIPSoundRecoveryHook.h" />
    <ClInclude Include="src\hooks\soldier\SoldierVoiceTypeQuery.h" />
    <ClInclude Include="src\hooks\soldier\SoldierObjectRtpc.h" />
    <ClInclude Include="src\hooks\soldier\ConvertParameterIdLogger.h" />
    <ClInclude Include="src\hooks\soldier\ActionCoreImpl_UpdateOptCamo.h" />
    <ClInclude Include="src\hooks\player\PlayerVoiceFpkHook.h" />
    <ClInclude Include="src\hooks\player\BasicActionImpl_StateCrawlSideRoll.h" />
    <ClInclude Include="src\hooks\player\UiControllerImpl_InitEquipHudData.h" />
    <ClInclude Include="src\hooks\sound\GetTapeTrackDirectPlayId.h" />
    <ClInclude Include="src\hooks\sound\SoundSystemImpl_BeginSoundSystem.h" />
    <ClInclude Include="src\hooks\sound\MbDvcCassetteTapeCallbackImpl_PlayOrPauseSelectedTrack.h" />
    <ClInclude Include="src\hooks\sound\CustomRadioCassette.h" />
    <ClInclude Include="src\hooks\sound\Control_PostExternalEvent.h" />
    <ClInclude Include="src\hooks\sound\GameOverMusic.h" />
    <ClInclude Include="src\hooks\sound\HeliVoice.h" />
    <ClInclude Include="src\hooks\sound\VoicePitchOverride.h" />
    <ClInclude Include="src\hooks\ui\EquipBgTexture.h" />
    <ClInclude Include="src\hooks\ui\LoadingSplash.h" />
    <ClInclude Include="src\hooks\ui\GameOverSplash.h" />
    <ClInclude Include="src\hooks\ui\utility_GetIconFtexPath.h" />
    <ClInclude Include="src\hooks\ui\EnemyLangIdOverride.h" />
    <ClInclude Include="src\hooks\ui\MissionEmergencyHook.h" />
    <ClInclude Include="src\hooks\pickable\TppPickableRuntime.h" />
    <ClInclude Include="src\hooks\sahelan\RealizedSahelanFovaHook.h" />
    <ClInclude Include="src\hooks\sahelan\SetEyeLampColorHook.h" />
    <ClInclude Include="src\hooks\menupopup\MbDvcCustomPopupHook.h" />
    <ClInclude Include="src\hooks\ui\ShowMissionIcon.h" />
    <ClInclude Include="src\hooks\ui\UiPalette.h" />
    <ClInclude Include="src\hooks\fox\gm\GameObjectSendCommand.h" />
  </ItemGroup>
  <ItemGroup>
    <!-- Core sources -->
    <ClCompile Include="src\core\dllmain.cpp">
      <Filter>Core</Filter>
    </ClCompile>
    <ClCompile Include="src\core\pch.cpp">
      <Filter>Core</Filter>
    </ClCompile>
    <ClCompile Include="src\core\AddressSet.cpp">
      <Filter>Core</Filter>
    </ClCompile>
    <ClCompile Include="src\core\AddressSet_day1820.cpp">
      <Filter>Core</Filter>
    </ClCompile>
    <ClCompile Include="src\core\BuiltInModules.cpp">
      <Filter>Core</Filter>
    </ClCompile>
    <ClCompile Include="src\core\FeatureModule.cpp">
      <Filter>Core</Filter>
    </ClCompile>
    <ClCompile Include="src\core\MissionCodeGuard.cpp">
      <Filter>Core</Filter>
    </ClCompile>
    <ClCompile Include="src\core\FoxHashes.cpp">
      <Filter>Core</Filter>
    </ClCompile>
    <ClCompile Include="src\core\LuaBroadcaster.cpp">
      <Filter>Core</Filter>
    </ClCompile>
    <ClCompile Include="src\core\log.cpp">
      <Filter>Core</Filter>
    </ClCompile>
    <!-- Lua sources -->
    <ClCompile Include="src\lua\SetLuaFunctions.cpp">
      <Filter>Lua</Filter>
    </ClCompile>
    <!-- Soldier sources -->
    <!-- Player sources -->
    <!-- Sound sources -->
    <!-- UI sources -->
    <!-- Pickable sources -->
    <ClCompile Include="src\hooks\soldier\CautionStepNormalTimerHook.cpp" />
    <ClCompile Include="src\hooks\soldier\EnterDownHoldupForceVoiceHook.cpp" />
    <ClCompile Include="src\hooks\soldier\GetVoiceParamWithCallSign.cpp" />
    <ClCompile Include="src\hooks\soldier\LostHostageHook.cpp" />
    <ClCompile Include="src\hooks\soldier\NoticeControllerImpl_GetOccasionalChat.cpp" />
    <ClCompile Include="src\hooks\soldier\SoldierNotice.cpp" />
    <ClCompile Include="src\hooks\soldier\StepRadioDiscovery.cpp" />
    <ClCompile Include="src\hooks\soldier\State_EnterStandHoldup1.cpp" />
    <ClCompile Include="src\hooks\soldier\State_StandHoldupCancelLookToPlayer.cpp" />
    <ClCompile Include="src\hooks\soldier\VIPHoldupHook.cpp" />
    <ClCompile Include="src\hooks\soldier\VIPRadioHook.cpp" />
    <ClCompile Include="src\hooks\soldier\VIPSleepFaintHook.cpp" />
    <ClCompile Include="src\hooks\soldier\VIPSoundRecoveryHook.cpp" />
    <ClCompile Include="src\hooks\soldier\SoldierVoiceTypeQuery.cpp" />
    <ClCompile Include="src\hooks\soldier\SoldierObjectRtpc.cpp" />
    <ClCompile Include="src\hooks\soldier\ConvertParameterIdLogger.cpp" />
    <ClCompile Include="src\hooks\soldier\ActionCoreImpl_UpdateOptCamo.cpp" />
    <ClCompile Include="src\hooks\player\PlayerVoiceFpkHook.cpp" />
    <ClCompile Include="src\hooks\player\BasicActionImpl_StateCrawlSideRoll.cpp" />
    <ClCompile Include="src\hooks\player\UiControllerImpl_InitEquipHudData.cpp" />
    <ClCompile Include="src\hooks\sound\GetTapeTrackDirectPlayId.cpp" />
    <ClCompile Include="src\hooks\sound\SoundSystemImpl_BeginSoundSystem.cpp" />
    <ClCompile Include="src\hooks\sound\MbDvcCassetteTapeCallbackImpl_PlayOrPauseSelectedTrack.cpp" />
    <ClCompile Include="src\hooks\sound\CustomRadioCassette.cpp" />
    <ClCompile Include="src\hooks\sound\Control_PostExternalEvent.cpp" />
    <ClCompile Include="src\hooks\sound\GameOverMusic.cpp" />
    <ClCompile Include="src\hooks\sound\HeliVoice.cpp" />
    <ClCompile Include="src\hooks\sound\VoicePitchOverride.cpp" />
    <ClCompile Include="src\hooks\ui\EquipBgTexture.cpp" />
    <ClCompile Include="src\hooks\ui\LoadingSplash.cpp" />
    <ClCompile Include="src\hooks\ui\GameOverSplash.cpp" />
    <ClCompile Include="src\hooks\ui\utility_GetIconFtexPath.cpp" />
    <ClCompile Include="src\hooks\ui\EnemyLangIdOverride.cpp" />
    <ClCompile Include="src\hooks\ui\MissionEmergencyHook.cpp" />
    <ClCompile Include="src\hooks\pickable\TppPickableRuntime.cpp" />
    <ClCompile Include="src\hooks\sahelan\RealizedSahelanFovaHook.cpp" />
    <ClCompile Include="src\hooks\sahelan\SetEyeLampColorHook.cpp" />
    <ClCompile Include="src\hooks\menupopup\MbDvcCustomPopupHook.cpp" />
    <ClCompile Include="src\hooks\ui\ShowMissionIcon.cpp" />
    <ClCompile Include="src\hooks\ui\UiPalette.cpp" />
    <ClCompile Include="src\hooks\fox\gm\GameObjectSendCommand.cpp" />
  </ItemGroup>
  <ItemGroup>
    <Library Include="lib\libMinHook.x64.lib" />
    <Library Include="lib\libMinHook.x86.lib" />
  </ItemGroup>
</Project>